{
    "name": "@posten-hedwig/accordion",
    "version": "3.0.2",
    "lockfileVersion": 2,
    "requires": true,
    "packages": {
        "": {
            "name": "@posten-hedwig/accordion",
            "version": "3.0.2",
            "license": "ISC",
            "dependencies": {
                "@fortawesome/fontawesome-svg-core": "^6.4.0",
                "@fortawesome/pro-solid-svg-icons": "^6.4.0",
                "@fortawesome/react-fontawesome": "^0.2.0",
                "@posten-hedwig/core": "^2.0.1"
            },
            "peerDependencies": {
                "react": ">=16.14.x"
            }
        },
        "../core": {
            "name": "@posten-hedwig/core",
            "version": "2.0.1",
            "license": "ISC"
        },
        "node_modules/@fortawesome/fontawesome-common-types": {
            "version": "6.4.0",
            "hasInstallScript": true,
            "license": "MIT",
            "engines": {
                "node": ">=6"
            }
        },
        "node_modules/@fortawesome/fontawesome-svg-core": {
            "version": "6.4.0",
            "hasInstallScript": true,
            "license": "MIT",
            "dependencies": {
                "@fortawesome/fontawesome-common-types": "6.4.0"
            },
            "engines": {
                "node": ">=6"
            }
        },
        "node_modules/@fortawesome/pro-solid-svg-icons": {
            "version": "6.4.0",
            "hasInstallScript": true,
            "license": "UNLICENSED",
            "dependencies": {
                "@fortawesome/fontawesome-common-types": "6.4.0"
            },
            "engines": {
                "node": ">=6"
            }
        },
        "node_modules/@fortawesome/react-fontawesome": {
            "version": "0.2.0",
            "license": "MIT",
            "dependencies": {
                "prop-types": "^15.8.1"
            },
            "peerDependencies": {
                "@fortawesome/fontawesome-svg-core": "~1 || ~6",
                "react": ">=16.3"
            }
        },
        "node_modules/@posten-hedwig/core": {
            "resolved": "../core",
            "link": true
        },
        "node_modules/js-tokens": {
            "version": "4.0.0",
            "license": "MIT"
        },
        "node_modules/loose-envify": {
            "version": "1.4.0",
            "license": "MIT",
            "dependencies": {
                "js-tokens": "^3.0.0 || ^4.0.0"
            },
            "bin": {
                "loose-envify": "cli.js"
            }
        },
        "node_modules/object-assign": {
            "version": "4.1.1",
            "license": "MIT",
            "engines": {
                "node": ">=0.10.0"
            }
        },
        "node_modules/prop-types": {
            "version": "15.8.1",
            "license": "MIT",
            "dependencies": {
                "loose-envify": "^1.4.0",
                "object-assign": "^4.1.1",
                "react-is": "^16.13.1"
            }
        },
        "node_modules/react": {
            "version": "18.2.0",
            "license": "MIT",
            "peer": true,
            "dependencies": {
                "loose-envify": "^1.1.0"
            },
            "engines": {
                "node": ">=0.10.0"
            }
        },
        "node_modules/react-is": {
            "version": "16.13.1",
            "license": "MIT"
        }
    },
    "dependencies": {
        "@fortawesome/fontawesome-common-types": {
            "version": "6.4.0"
        },
        "@fortawesome/fontawesome-svg-core": {
            "version": "6.4.0",
            "requires": {
                "@fortawesome/fontawesome-common-types": "6.4.0"
            }
        },
        "@fortawesome/pro-solid-svg-icons": {
            "version": "6.4.0",
            "requires": {
                "@fortawesome/fontawesome-common-types": "6.4.0"
            }
        },
        "@fortawesome/react-fontawesome": {
            "version": "0.2.0",
            "requires": {
                "prop-types": "^15.8.1"
            }
        },
        "@posten-hedwig/core": {
            "version": "file:../core"
        },
        "js-tokens": {
            "version": "4.0.0"
        },
        "loose-envify": {
            "version": "1.4.0",
            "requires": {
                "js-tokens": "^3.0.0 || ^4.0.0"
            }
        },
        "object-assign": {
            "version": "4.1.1"
        },
        "prop-types": {
            "version": "15.8.1",
            "requires": {
                "loose-envify": "^1.4.0",
                "object-assign": "^4.1.1",
                "react-is": "^16.13.1"
            }
        },
        "react": {
            "version": "18.2.0",
            "peer": true,
            "requires": {
                "loose-envify": "^1.1.0"
            }
        },
        "react-is": {
            "version": "16.13.1"
        }
    }
}
