{
    "name": "@posten-hedwig/typography",
    "version": "1.1.0-alpha.0",
    "lockfileVersion": 2,
    "requires": true,
    "packages": {
        "": {
            "name": "@posten-hedwig/typography",
            "version": "1.1.0-alpha.0",
            "dependencies": {
                "@posten-hedwig/core": "^1.1.0-alpha.0"
            }
        },
        "../hedwig-core": {
            "name": "@posten-hedwig/core",
            "version": "0.0.1",
            "license": "ISC",
            "dependencies": {
                "@posten-hedwig/base": "^0.0.1",
                "css-vars-ponyfill": "^2.4.7",
                "postcss": "^8.4.1",
                "postcss-js": "^3.0.3"
            }
        },
        "../hedwig-core/node_modules/@posten-hedwig/base": {},
        "../hedwig-core/node_modules/balanced-match": {
            "version": "1.0.2",
            "license": "MIT"
        },
        "../hedwig-core/node_modules/camelcase-css": {
            "version": "2.0.1",
            "license": "MIT",
            "engines": {
                "node": ">= 6"
            }
        },
        "../hedwig-core/node_modules/css-vars-ponyfill": {
            "version": "2.4.7",
            "license": "MIT",
            "dependencies": {
                "balanced-match": "^1.0.2",
                "get-css-data": "^2.0.2"
            }
        },
        "../hedwig-core/node_modules/get-css-data": {
            "version": "2.0.2",
            "license": "MIT"
        },
        "../hedwig-core/node_modules/nanoid": {
            "version": "3.1.30",
            "license": "MIT",
            "bin": {
                "nanoid": "bin/nanoid.cjs"
            },
            "engines": {
                "node": "^10 || ^12 || ^13.7 || ^14 || >=15.0.1"
            }
        },
        "../hedwig-core/node_modules/picocolors": {
            "version": "1.0.0",
            "license": "ISC"
        },
        "../hedwig-core/node_modules/postcss": {
            "version": "8.4.4",
            "license": "MIT",
            "dependencies": {
                "nanoid": "^3.1.30",
                "picocolors": "^1.0.0",
                "source-map-js": "^1.0.1"
            },
            "engines": {
                "node": "^10 || ^12 || >=14"
            },
            "funding": {
                "type": "opencollective",
                "url": "https://opencollective.com/postcss/"
            }
        },
        "../hedwig-core/node_modules/postcss-js": {
            "version": "3.0.3",
            "license": "MIT",
            "dependencies": {
                "camelcase-css": "^2.0.1",
                "postcss": "^8.1.6"
            },
            "engines": {
                "node": ">=10.0"
            },
            "funding": {
                "type": "opencollective",
                "url": "https://opencollective.com/postcss/"
            }
        },
        "../hedwig-core/node_modules/source-map-js": {
            "version": "1.0.1",
            "license": "BSD-3-Clause",
            "engines": {
                "node": ">=0.10.0"
            }
        },
        "node_modules/@posten-hedwig/core": {
            "resolved": "../hedwig-core",
            "link": true
        }
    },
    "dependencies": {
        "@posten-hedwig/core": {
            "version": "file:../hedwig-core",
            "requires": {
                "@posten-hedwig/base": "^0.0.1",
                "css-vars-ponyfill": "^2.4.7",
                "postcss": "^8.4.1",
                "postcss-js": "^3.0.3"
            },
            "dependencies": {
                "@posten-hedwig/base": {},
                "balanced-match": {
                    "version": "1.0.2"
                },
                "camelcase-css": {
                    "version": "2.0.1"
                },
                "css-vars-ponyfill": {
                    "version": "2.4.7",
                    "requires": {
                        "balanced-match": "^1.0.2",
                        "get-css-data": "^2.0.2"
                    }
                },
                "get-css-data": {
                    "version": "2.0.2"
                },
                "nanoid": {
                    "version": "3.1.30"
                },
                "picocolors": {
                    "version": "1.0.0"
                },
                "postcss": {
                    "version": "8.4.4",
                    "requires": {
                        "nanoid": "^3.1.30",
                        "picocolors": "^1.0.0",
                        "source-map-js": "^1.0.1"
                    }
                },
                "postcss-js": {
                    "version": "3.0.3",
                    "requires": {
                        "camelcase-css": "^2.0.1",
                        "postcss": "^8.1.6"
                    }
                },
                "source-map-js": {
                    "version": "1.0.1"
                }
            }
        }
    }
}
