{
    "name": "input",
    "version": "1.0.3",
    "lockfileVersion": 2,
    "requires": true,
    "packages": {
        "": {
            "name": "input",
            "version": "1.0.3",
            "license": "ISC",
            "dependencies": {
                "@posten-hedwig/core": "^0.0.9"
            }
        },
        "node_modules/@posten-hedwig/base": {
            "version": "0.0.8",
            "resolved": "https://registry.npmjs.org/@posten-hedwig/base/-/base-0.0.8.tgz",
            "integrity": "sha512-PRX1FVh6vCTjAxQyt6c7f7+iFHFs6nhwkdgKC6wPyc/LSZy1FGLBxjHscaBiDRf8PusckkQuCq0vkB599X4lmw==",
            "dependencies": {
                "sanitize.css": "^13.0.0"
            }
        },
        "node_modules/@posten-hedwig/core": {
            "version": "0.0.9",
            "resolved": "https://registry.npmjs.org/@posten-hedwig/core/-/core-0.0.9.tgz",
            "integrity": "sha512-BVCWsTHJbCzXlYv7ib6P33xCB1l6JJZ1up9i40NbX7GTPzeGH7breecikSNr5G8GqWsj7Icjb9YjZ64dgwjfyA==",
            "dependencies": {
                "@posten-hedwig/base": "^0.0.8",
                "css-vars-ponyfill": "^2.4.7",
                "postcss": "^8.4.1",
                "postcss-js": "^3.0.3"
            }
        },
        "node_modules/balanced-match": {
            "version": "1.0.2",
            "resolved": "https://registry.npmjs.org/balanced-match/-/balanced-match-1.0.2.tgz",
            "integrity": "sha512-3oSeUO0TMV67hN1AmbXsK4yaqU7tjiHlbxRDZOpH0KW9+CeX4bRAaX0Anxt0tx2MrpRpWwQaPwIlISEJhYU5Pw=="
        },
        "node_modules/camelcase-css": {
            "version": "2.0.1",
            "resolved": "https://registry.npmjs.org/camelcase-css/-/camelcase-css-2.0.1.tgz",
            "integrity": "sha512-QOSvevhslijgYwRx6Rv7zKdMF8lbRmx+uQGx2+vDc+KI/eBnsy9kit5aj23AgGu3pa4t9AgwbnXWqS+iOY+2aA==",
            "engines": {
                "node": ">= 6"
            }
        },
        "node_modules/css-vars-ponyfill": {
            "version": "2.4.8",
            "resolved": "https://registry.npmjs.org/css-vars-ponyfill/-/css-vars-ponyfill-2.4.8.tgz",
            "integrity": "sha512-4/j4AX4htytYHWyHVZ2BFQ+NoCGZEcOH2h4/2mmgE4SkrFg4Xq6tGYR77DtvvUIDsaXuJN+sj41bbgauA0Gfmg==",
            "dependencies": {
                "balanced-match": "^1.0.2",
                "get-css-data": "^2.0.2"
            }
        },
        "node_modules/get-css-data": {
            "version": "2.1.0",
            "resolved": "https://registry.npmjs.org/get-css-data/-/get-css-data-2.1.0.tgz",
            "integrity": "sha512-HtPrzGk8aBF9rLeQNuImcXci7YVqsMEKzVflEWaCJu25ehxyDNiZRWoSxqSFUBfma8LERqKo70t/TcaGjIsM9g=="
        },
        "node_modules/nanoid": {
            "version": "3.3.4",
            "resolved": "https://registry.npmjs.org/nanoid/-/nanoid-3.3.4.tgz",
            "integrity": "sha512-MqBkQh/OHTS2egovRtLk45wEyNXwF+cokD+1YPf9u5VfJiRdAiRwB2froX5Co9Rh20xs4siNPm8naNotSD6RBw==",
            "bin": {
                "nanoid": "bin/nanoid.cjs"
            },
            "engines": {
                "node": "^10 || ^12 || ^13.7 || ^14 || >=15.0.1"
            }
        },
        "node_modules/picocolors": {
            "version": "1.0.0",
            "resolved": "https://registry.npmjs.org/picocolors/-/picocolors-1.0.0.tgz",
            "integrity": "sha512-1fygroTLlHu66zi26VoTDv8yRgm0Fccecssto+MhsZ0D/DGW2sm8E8AjW7NU5VVTRt5GxbeZ5qBuJr+HyLYkjQ=="
        },
        "node_modules/postcss": {
            "version": "8.4.18",
            "resolved": "https://registry.npmjs.org/postcss/-/postcss-8.4.18.tgz",
            "integrity": "sha512-Wi8mWhncLJm11GATDaQKobXSNEYGUHeQLiQqDFG1qQ5UTDPTEvKw0Xt5NsTpktGTwLps3ByrWsBrG0rB8YQ9oA==",
            "funding": [
                {
                    "type": "opencollective",
                    "url": "https://opencollective.com/postcss/"
                },
                {
                    "type": "tidelift",
                    "url": "https://tidelift.com/funding/github/npm/postcss"
                }
            ],
            "dependencies": {
                "nanoid": "^3.3.4",
                "picocolors": "^1.0.0",
                "source-map-js": "^1.0.2"
            },
            "engines": {
                "node": "^10 || ^12 || >=14"
            }
        },
        "node_modules/postcss-js": {
            "version": "3.0.3",
            "resolved": "https://registry.npmjs.org/postcss-js/-/postcss-js-3.0.3.tgz",
            "integrity": "sha512-gWnoWQXKFw65Hk/mi2+WTQTHdPD5UJdDXZmX073EY/B3BWnYjO4F4t0VneTCnCGQ5E5GsCdMkzPaTXwl3r5dJw==",
            "dependencies": {
                "camelcase-css": "^2.0.1",
                "postcss": "^8.1.6"
            },
            "engines": {
                "node": ">=10.0"
            },
            "funding": {
                "type": "opencollective",
                "url": "https://opencollective.com/postcss/"
            }
        },
        "node_modules/sanitize.css": {
            "version": "13.0.0",
            "resolved": "https://registry.npmjs.org/sanitize.css/-/sanitize.css-13.0.0.tgz",
            "integrity": "sha512-ZRwKbh/eQ6w9vmTjkuG0Ioi3HBwPFce0O+v//ve+aOq1oeCy7jMV2qzzAlpsNuqpqCBjjriM1lbtZbF/Q8jVyA=="
        },
        "node_modules/source-map-js": {
            "version": "1.0.2",
            "resolved": "https://registry.npmjs.org/source-map-js/-/source-map-js-1.0.2.tgz",
            "integrity": "sha512-R0XvVJ9WusLiqTCEiGCmICCMplcCkIwwR11mOSD9CR5u+IXYdiseeEuXCVAjS54zqwkLcPNnmU4OeJ6tUrWhDw==",
            "engines": {
                "node": ">=0.10.0"
            }
        }
    },
    "dependencies": {
        "@posten-hedwig/base": {
            "version": "0.0.8",
            "resolved": "https://registry.npmjs.org/@posten-hedwig/base/-/base-0.0.8.tgz",
            "integrity": "sha512-PRX1FVh6vCTjAxQyt6c7f7+iFHFs6nhwkdgKC6wPyc/LSZy1FGLBxjHscaBiDRf8PusckkQuCq0vkB599X4lmw==",
            "requires": {
                "sanitize.css": "^13.0.0"
            }
        },
        "@posten-hedwig/core": {
            "version": "0.0.9",
            "resolved": "https://registry.npmjs.org/@posten-hedwig/core/-/core-0.0.9.tgz",
            "integrity": "sha512-BVCWsTHJbCzXlYv7ib6P33xCB1l6JJZ1up9i40NbX7GTPzeGH7breecikSNr5G8GqWsj7Icjb9YjZ64dgwjfyA==",
            "requires": {
                "@posten-hedwig/base": "^0.0.8",
                "css-vars-ponyfill": "^2.4.7",
                "postcss": "^8.4.1",
                "postcss-js": "^3.0.3"
            }
        },
        "balanced-match": {
            "version": "1.0.2",
            "resolved": "https://registry.npmjs.org/balanced-match/-/balanced-match-1.0.2.tgz",
            "integrity": "sha512-3oSeUO0TMV67hN1AmbXsK4yaqU7tjiHlbxRDZOpH0KW9+CeX4bRAaX0Anxt0tx2MrpRpWwQaPwIlISEJhYU5Pw=="
        },
        "camelcase-css": {
            "version": "2.0.1",
            "resolved": "https://registry.npmjs.org/camelcase-css/-/camelcase-css-2.0.1.tgz",
            "integrity": "sha512-QOSvevhslijgYwRx6Rv7zKdMF8lbRmx+uQGx2+vDc+KI/eBnsy9kit5aj23AgGu3pa4t9AgwbnXWqS+iOY+2aA=="
        },
        "css-vars-ponyfill": {
            "version": "2.4.8",
            "resolved": "https://registry.npmjs.org/css-vars-ponyfill/-/css-vars-ponyfill-2.4.8.tgz",
            "integrity": "sha512-4/j4AX4htytYHWyHVZ2BFQ+NoCGZEcOH2h4/2mmgE4SkrFg4Xq6tGYR77DtvvUIDsaXuJN+sj41bbgauA0Gfmg==",
            "requires": {
                "balanced-match": "^1.0.2",
                "get-css-data": "^2.0.2"
            }
        },
        "get-css-data": {
            "version": "2.1.0",
            "resolved": "https://registry.npmjs.org/get-css-data/-/get-css-data-2.1.0.tgz",
            "integrity": "sha512-HtPrzGk8aBF9rLeQNuImcXci7YVqsMEKzVflEWaCJu25ehxyDNiZRWoSxqSFUBfma8LERqKo70t/TcaGjIsM9g=="
        },
        "nanoid": {
            "version": "3.3.4",
            "resolved": "https://registry.npmjs.org/nanoid/-/nanoid-3.3.4.tgz",
            "integrity": "sha512-MqBkQh/OHTS2egovRtLk45wEyNXwF+cokD+1YPf9u5VfJiRdAiRwB2froX5Co9Rh20xs4siNPm8naNotSD6RBw=="
        },
        "picocolors": {
            "version": "1.0.0",
            "resolved": "https://registry.npmjs.org/picocolors/-/picocolors-1.0.0.tgz",
            "integrity": "sha512-1fygroTLlHu66zi26VoTDv8yRgm0Fccecssto+MhsZ0D/DGW2sm8E8AjW7NU5VVTRt5GxbeZ5qBuJr+HyLYkjQ=="
        },
        "postcss": {
            "version": "8.4.18",
            "resolved": "https://registry.npmjs.org/postcss/-/postcss-8.4.18.tgz",
            "integrity": "sha512-Wi8mWhncLJm11GATDaQKobXSNEYGUHeQLiQqDFG1qQ5UTDPTEvKw0Xt5NsTpktGTwLps3ByrWsBrG0rB8YQ9oA==",
            "requires": {
                "nanoid": "^3.3.4",
                "picocolors": "^1.0.0",
                "source-map-js": "^1.0.2"
            }
        },
        "postcss-js": {
            "version": "3.0.3",
            "resolved": "https://registry.npmjs.org/postcss-js/-/postcss-js-3.0.3.tgz",
            "integrity": "sha512-gWnoWQXKFw65Hk/mi2+WTQTHdPD5UJdDXZmX073EY/B3BWnYjO4F4t0VneTCnCGQ5E5GsCdMkzPaTXwl3r5dJw==",
            "requires": {
                "camelcase-css": "^2.0.1",
                "postcss": "^8.1.6"
            }
        },
        "sanitize.css": {
            "version": "13.0.0",
            "resolved": "https://registry.npmjs.org/sanitize.css/-/sanitize.css-13.0.0.tgz",
            "integrity": "sha512-ZRwKbh/eQ6w9vmTjkuG0Ioi3HBwPFce0O+v//ve+aOq1oeCy7jMV2qzzAlpsNuqpqCBjjriM1lbtZbF/Q8jVyA=="
        },
        "source-map-js": {
            "version": "1.0.2",
            "resolved": "https://registry.npmjs.org/source-map-js/-/source-map-js-1.0.2.tgz",
            "integrity": "sha512-R0XvVJ9WusLiqTCEiGCmICCMplcCkIwwR11mOSD9CR5u+IXYdiseeEuXCVAjS54zqwkLcPNnmU4OeJ6tUrWhDw=="
        }
    }
}
