{
    "name": "@posten-hedwig/navbar",
    "version": "2.1.0-alpha.0",
    "lockfileVersion": 2,
    "requires": true,
    "packages": {
        "": {
            "name": "@posten-hedwig/navbar",
            "version": "2.1.0-alpha.0",
            "license": "ISC",
            "dependencies": {
                "@fortawesome/pro-light-svg-icons": "^6.1.1",
                "@fortawesome/pro-regular-svg-icons": "^6.1.1",
                "@fortawesome/react-fontawesome": "^0.1.18",
                "prop-types": "15.8.1"
            },
            "peerDependencies": {
                "react": ">=16.14.x",
                "react-dom": ">=16.14.x"
            }
        },
        "node_modules/@fortawesome/fontawesome-common-types": {
            "version": "6.1.1",
            "resolved": "https://registry.npmjs.org/@fortawesome/fontawesome-common-types/-/fontawesome-common-types-6.1.1.tgz",
            "integrity": "sha512-wVn5WJPirFTnzN6tR95abCx+ocH+3IFLXAgyavnf9hUmN0CfWoDjPT/BAWsUVwSlYYVBeCLJxaqi7ZGe4uSjBA==",
            "hasInstallScript": true,
            "engines": {
                "node": ">=6"
            }
        },
        "node_modules/@fortawesome/fontawesome-svg-core": {
            "version": "6.1.1",
            "resolved": "https://registry.npmjs.org/@fortawesome/fontawesome-svg-core/-/fontawesome-svg-core-6.1.1.tgz",
            "integrity": "sha512-NCg0w2YIp81f4V6cMGD9iomfsIj7GWrqmsa0ZsPh59G7PKiGN1KymZNxmF00ssuAlo/VZmpK6xazsGOwzKYUMg==",
            "hasInstallScript": true,
            "peer": true,
            "dependencies": {
                "@fortawesome/fontawesome-common-types": "6.1.1"
            },
            "engines": {
                "node": ">=6"
            }
        },
        "node_modules/@fortawesome/pro-light-svg-icons": {
            "version": "6.1.1",
            "resolved": "https://npm.fontawesome.com/@fortawesome/pro-light-svg-icons/-/6.1.1/pro-light-svg-icons-6.1.1.tgz",
            "integrity": "sha512-PSo6AdC4NK+kO5Q0xmD6oALJRhfVSp6doaIso6/LS6UDrpzZI7NBvBMZnIir/sJcTwjO52z00TGybijlVkP5Ow==",
            "dependencies": {
                "@fortawesome/fontawesome-common-types": "6.1.1"
            },
            "engines": {
                "node": ">=6"
            }
        },
        "node_modules/@fortawesome/pro-regular-svg-icons": {
            "version": "6.1.1",
            "resolved": "https://npm.fontawesome.com/@fortawesome/pro-regular-svg-icons/-/6.1.1/pro-regular-svg-icons-6.1.1.tgz",
            "integrity": "sha512-8kKFn8eA1sLtc5zu6Z/LvWZPNpS8CRL8c8JuXAG3HwIwZB7L27b8l6BJC5jC3zRwJw7TXk1wi1CKTsLxmtHcgw==",
            "dependencies": {
                "@fortawesome/fontawesome-common-types": "6.1.1"
            },
            "engines": {
                "node": ">=6"
            }
        },
        "node_modules/@fortawesome/react-fontawesome": {
            "version": "0.1.18",
            "resolved": "https://registry.npmjs.org/@fortawesome/react-fontawesome/-/react-fontawesome-0.1.18.tgz",
            "integrity": "sha512-RwLIB4TZw0M9gvy5u+TusAA0afbwM4JQIimNH/j3ygd6aIvYPQLqXMhC9ErY26J23rDPyDZldIfPq/HpTTJ/tQ==",
            "dependencies": {
                "prop-types": "^15.8.1"
            },
            "peerDependencies": {
                "@fortawesome/fontawesome-svg-core": "~1 || ~6",
                "react": ">=16.x"
            }
        },
        "node_modules/js-tokens": {
            "version": "4.0.0",
            "resolved": "https://registry.npmjs.org/js-tokens/-/js-tokens-4.0.0.tgz",
            "integrity": "sha512-RdJUflcE3cUzKiMqQgsCu06FPu9UdIJO0beYbPhHN4k6apgJtifcoCtT9bcxOpYBtpD2kCM6Sbzg4CausW/PKQ=="
        },
        "node_modules/loose-envify": {
            "version": "1.4.0",
            "resolved": "https://registry.npmjs.org/loose-envify/-/loose-envify-1.4.0.tgz",
            "integrity": "sha512-lyuxPGr/Wfhrlem2CL/UcnUc1zcqKAImBDzukY7Y5F/yQiNdko6+fRLevlw1HgMySw7f611UIY408EtxRSoK3Q==",
            "dependencies": {
                "js-tokens": "^3.0.0 || ^4.0.0"
            },
            "bin": {
                "loose-envify": "cli.js"
            }
        },
        "node_modules/object-assign": {
            "version": "4.1.1",
            "resolved": "https://registry.npmjs.org/object-assign/-/object-assign-4.1.1.tgz",
            "integrity": "sha1-IQmtx5ZYh8/AXLvUQsrIv7s2CGM=",
            "engines": {
                "node": ">=0.10.0"
            }
        },
        "node_modules/prop-types": {
            "version": "15.8.1",
            "resolved": "https://registry.npmjs.org/prop-types/-/prop-types-15.8.1.tgz",
            "integrity": "sha512-oj87CgZICdulUohogVAR7AjlC0327U4el4L6eAvOqCeudMDVU0NThNaV+b9Df4dXgSP1gXMTnPdhfe/2qDH5cg==",
            "dependencies": {
                "loose-envify": "^1.4.0",
                "object-assign": "^4.1.1",
                "react-is": "^16.13.1"
            }
        },
        "node_modules/react": {
            "version": "18.1.0",
            "resolved": "https://registry.npmjs.org/react/-/react-18.1.0.tgz",
            "integrity": "sha512-4oL8ivCz5ZEPyclFQXaNksK3adutVS8l2xzZU0cqEFrE9Sb7fC0EFK5uEk74wIreL1DERyjvsU915j1pcT2uEQ==",
            "peer": true,
            "dependencies": {
                "loose-envify": "^1.1.0"
            },
            "engines": {
                "node": ">=0.10.0"
            }
        },
        "node_modules/react-dom": {
            "version": "18.1.0",
            "resolved": "https://registry.npmjs.org/react-dom/-/react-dom-18.1.0.tgz",
            "integrity": "sha512-fU1Txz7Budmvamp7bshe4Zi32d0ll7ect+ccxNu9FlObT605GOEB8BfO4tmRJ39R5Zj831VCpvQ05QPBW5yb+w==",
            "peer": true,
            "dependencies": {
                "loose-envify": "^1.1.0",
                "scheduler": "^0.22.0"
            },
            "peerDependencies": {
                "react": "^18.1.0"
            }
        },
        "node_modules/react-is": {
            "version": "16.13.1",
            "resolved": "https://registry.npmjs.org/react-is/-/react-is-16.13.1.tgz",
            "integrity": "sha512-24e6ynE2H+OKt4kqsOvNd8kBpV65zoxbA4BVsEOB3ARVWQki/DHzaUoC5KuON/BiccDaCCTZBuOcfZs70kR8bQ=="
        },
        "node_modules/scheduler": {
            "version": "0.22.0",
            "resolved": "https://registry.npmjs.org/scheduler/-/scheduler-0.22.0.tgz",
            "integrity": "sha512-6QAm1BgQI88NPYymgGQLCZgvep4FyePDWFpXVK+zNSUgHwlqpJy8VEh8Et0KxTACS4VWwMousBElAZOH9nkkoQ==",
            "peer": true,
            "dependencies": {
                "loose-envify": "^1.1.0"
            }
        }
    },
    "dependencies": {
        "@fortawesome/fontawesome-common-types": {
            "version": "6.1.1",
            "resolved": "https://registry.npmjs.org/@fortawesome/fontawesome-common-types/-/fontawesome-common-types-6.1.1.tgz",
            "integrity": "sha512-wVn5WJPirFTnzN6tR95abCx+ocH+3IFLXAgyavnf9hUmN0CfWoDjPT/BAWsUVwSlYYVBeCLJxaqi7ZGe4uSjBA=="
        },
        "@fortawesome/fontawesome-svg-core": {
            "version": "6.1.1",
            "resolved": "https://registry.npmjs.org/@fortawesome/fontawesome-svg-core/-/fontawesome-svg-core-6.1.1.tgz",
            "integrity": "sha512-NCg0w2YIp81f4V6cMGD9iomfsIj7GWrqmsa0ZsPh59G7PKiGN1KymZNxmF00ssuAlo/VZmpK6xazsGOwzKYUMg==",
            "peer": true,
            "requires": {
                "@fortawesome/fontawesome-common-types": "6.1.1"
            }
        },
        "@fortawesome/pro-light-svg-icons": {
            "version": "6.1.1",
            "resolved": "https://npm.fontawesome.com/@fortawesome/pro-light-svg-icons/-/6.1.1/pro-light-svg-icons-6.1.1.tgz",
            "integrity": "sha512-PSo6AdC4NK+kO5Q0xmD6oALJRhfVSp6doaIso6/LS6UDrpzZI7NBvBMZnIir/sJcTwjO52z00TGybijlVkP5Ow==",
            "requires": {
                "@fortawesome/fontawesome-common-types": "6.1.1"
            }
        },
        "@fortawesome/pro-regular-svg-icons": {
            "version": "6.1.1",
            "resolved": "https://npm.fontawesome.com/@fortawesome/pro-regular-svg-icons/-/6.1.1/pro-regular-svg-icons-6.1.1.tgz",
            "integrity": "sha512-8kKFn8eA1sLtc5zu6Z/LvWZPNpS8CRL8c8JuXAG3HwIwZB7L27b8l6BJC5jC3zRwJw7TXk1wi1CKTsLxmtHcgw==",
            "requires": {
                "@fortawesome/fontawesome-common-types": "6.1.1"
            }
        },
        "@fortawesome/react-fontawesome": {
            "version": "0.1.18",
            "resolved": "https://registry.npmjs.org/@fortawesome/react-fontawesome/-/react-fontawesome-0.1.18.tgz",
            "integrity": "sha512-RwLIB4TZw0M9gvy5u+TusAA0afbwM4JQIimNH/j3ygd6aIvYPQLqXMhC9ErY26J23rDPyDZldIfPq/HpTTJ/tQ==",
            "requires": {
                "prop-types": "^15.8.1"
            }
        },
        "js-tokens": {
            "version": "4.0.0",
            "resolved": "https://registry.npmjs.org/js-tokens/-/js-tokens-4.0.0.tgz",
            "integrity": "sha512-RdJUflcE3cUzKiMqQgsCu06FPu9UdIJO0beYbPhHN4k6apgJtifcoCtT9bcxOpYBtpD2kCM6Sbzg4CausW/PKQ=="
        },
        "loose-envify": {
            "version": "1.4.0",
            "resolved": "https://registry.npmjs.org/loose-envify/-/loose-envify-1.4.0.tgz",
            "integrity": "sha512-lyuxPGr/Wfhrlem2CL/UcnUc1zcqKAImBDzukY7Y5F/yQiNdko6+fRLevlw1HgMySw7f611UIY408EtxRSoK3Q==",
            "requires": {
                "js-tokens": "^3.0.0 || ^4.0.0"
            }
        },
        "object-assign": {
            "version": "4.1.1",
            "resolved": "https://registry.npmjs.org/object-assign/-/object-assign-4.1.1.tgz",
            "integrity": "sha1-IQmtx5ZYh8/AXLvUQsrIv7s2CGM="
        },
        "prop-types": {
            "version": "15.8.1",
            "resolved": "https://registry.npmjs.org/prop-types/-/prop-types-15.8.1.tgz",
            "integrity": "sha512-oj87CgZICdulUohogVAR7AjlC0327U4el4L6eAvOqCeudMDVU0NThNaV+b9Df4dXgSP1gXMTnPdhfe/2qDH5cg==",
            "requires": {
                "loose-envify": "^1.4.0",
                "object-assign": "^4.1.1",
                "react-is": "^16.13.1"
            }
        },
        "react": {
            "version": "18.1.0",
            "resolved": "https://registry.npmjs.org/react/-/react-18.1.0.tgz",
            "integrity": "sha512-4oL8ivCz5ZEPyclFQXaNksK3adutVS8l2xzZU0cqEFrE9Sb7fC0EFK5uEk74wIreL1DERyjvsU915j1pcT2uEQ==",
            "peer": true,
            "requires": {
                "loose-envify": "^1.1.0"
            }
        },
        "react-dom": {
            "version": "18.1.0",
            "resolved": "https://registry.npmjs.org/react-dom/-/react-dom-18.1.0.tgz",
            "integrity": "sha512-fU1Txz7Budmvamp7bshe4Zi32d0ll7ect+ccxNu9FlObT605GOEB8BfO4tmRJ39R5Zj831VCpvQ05QPBW5yb+w==",
            "peer": true,
            "requires": {
                "loose-envify": "^1.1.0",
                "scheduler": "^0.22.0"
            }
        },
        "react-is": {
            "version": "16.13.1",
            "resolved": "https://registry.npmjs.org/react-is/-/react-is-16.13.1.tgz",
            "integrity": "sha512-24e6ynE2H+OKt4kqsOvNd8kBpV65zoxbA4BVsEOB3ARVWQki/DHzaUoC5KuON/BiccDaCCTZBuOcfZs70kR8bQ=="
        },
        "scheduler": {
            "version": "0.22.0",
            "resolved": "https://registry.npmjs.org/scheduler/-/scheduler-0.22.0.tgz",
            "integrity": "sha512-6QAm1BgQI88NPYymgGQLCZgvep4FyePDWFpXVK+zNSUgHwlqpJy8VEh8Et0KxTACS4VWwMousBElAZOH9nkkoQ==",
            "peer": true,
            "requires": {
                "loose-envify": "^1.1.0"
            }
        }
    }
}
