{
  "name": "@posten-hedwig/container",
  "version": "4.1.0",
  "lockfileVersion": 2,
  "requires": true,
  "packages": {
    "": {
      "name": "@posten-hedwig/container",
      "version": "4.1.0",
      "license": "ISC",
      "dependencies": {
        "@posten-hedwig/core": "^3.1.0"
      },
      "peerDependencies": {
        "react": ">=16.14.x"
      }
    },
    "../base": {
      "name": "@posten-hedwig/base",
      "version": "0.0.8",
      "extraneous": true,
      "dependencies": {
        "sanitize.css": "^13.0.0"
      }
    },
    "../core": {
      "name": "@posten-hedwig/core",
      "version": "0.0.9",
      "extraneous": true,
      "license": "ISC",
      "dependencies": {
        "@posten-hedwig/base": "^0.0.8",
        "css-vars-ponyfill": "^2.4.7",
        "postcss": "^8.4.1",
        "postcss-js": "^3.0.3"
      }
    },
    "node_modules/@posten-hedwig/core": {
      "version": "2.0.1",
      "resolved": "https://registry.npmjs.org/@posten-hedwig/core/-/core-2.0.1.tgz",
      "integrity": "sha512-bhv/U41SgxGDXAmYoX91N6wQL8YhS3cZywiVyfdxUNaBNiWz8UigqgJ5Ss4IpTFRvd5863IGpt4QHm6z7ONRtw=="
    },
    "node_modules/js-tokens": {
      "version": "4.0.0",
      "resolved": "https://registry.npmjs.org/js-tokens/-/js-tokens-4.0.0.tgz",
      "integrity": "sha512-RdJUflcE3cUzKiMqQgsCu06FPu9UdIJO0beYbPhHN4k6apgJtifcoCtT9bcxOpYBtpD2kCM6Sbzg4CausW/PKQ==",
      "peer": true
    },
    "node_modules/loose-envify": {
      "version": "1.4.0",
      "resolved": "https://registry.npmjs.org/loose-envify/-/loose-envify-1.4.0.tgz",
      "integrity": "sha512-lyuxPGr/Wfhrlem2CL/UcnUc1zcqKAImBDzukY7Y5F/yQiNdko6+fRLevlw1HgMySw7f611UIY408EtxRSoK3Q==",
      "peer": true,
      "dependencies": {
        "js-tokens": "^3.0.0 || ^4.0.0"
      },
      "bin": {
        "loose-envify": "cli.js"
      }
    },
    "node_modules/react": {
      "version": "18.2.0",
      "resolved": "https://registry.npmjs.org/react/-/react-18.2.0.tgz",
      "integrity": "sha512-/3IjMdb2L9QbBdWiW5e3P2/npwMBaU9mHCSCUzNln0ZCYbcfTsGbTJrU/kGemdH2IWmB2ioZ+zkxtmq6g09fGQ==",
      "peer": true,
      "dependencies": {
        "loose-envify": "^1.1.0"
      },
      "engines": {
        "node": ">=0.10.0"
      }
    }
  },
  "dependencies": {
    "@posten-hedwig/core": {
      "version": "2.0.1",
      "resolved": "https://registry.npmjs.org/@posten-hedwig/core/-/core-2.0.1.tgz",
      "integrity": "sha512-bhv/U41SgxGDXAmYoX91N6wQL8YhS3cZywiVyfdxUNaBNiWz8UigqgJ5Ss4IpTFRvd5863IGpt4QHm6z7ONRtw=="
    },
    "js-tokens": {
      "version": "4.0.0",
      "resolved": "https://registry.npmjs.org/js-tokens/-/js-tokens-4.0.0.tgz",
      "integrity": "sha512-RdJUflcE3cUzKiMqQgsCu06FPu9UdIJO0beYbPhHN4k6apgJtifcoCtT9bcxOpYBtpD2kCM6Sbzg4CausW/PKQ==",
      "peer": true
    },
    "loose-envify": {
      "version": "1.4.0",
      "resolved": "https://registry.npmjs.org/loose-envify/-/loose-envify-1.4.0.tgz",
      "integrity": "sha512-lyuxPGr/Wfhrlem2CL/UcnUc1zcqKAImBDzukY7Y5F/yQiNdko6+fRLevlw1HgMySw7f611UIY408EtxRSoK3Q==",
      "peer": true,
      "requires": {
        "js-tokens": "^3.0.0 || ^4.0.0"
      }
    },
    "react": {
      "version": "18.2.0",
      "resolved": "https://registry.npmjs.org/react/-/react-18.2.0.tgz",
      "integrity": "sha512-/3IjMdb2L9QbBdWiW5e3P2/npwMBaU9mHCSCUzNln0ZCYbcfTsGbTJrU/kGemdH2IWmB2ioZ+zkxtmq6g09fGQ==",
      "peer": true,
      "requires": {
        "loose-envify": "^1.1.0"
      }
    }
  }
}
